
Microsoft Visual Studio Solution File, Format Version 12.00
# Visual Studio Version 17
VisualStudioVersion = 17.6.33815.320
MinimumVisualStudioVersion = 10.0.40219.1
Project("{FAE04EC0-301F-11D3-BF4B-00C04F79EFBC}") = "ModernDesigner", "ModernDesigner\ModernDesigner.csproj", "{4AB0E3D2-3939-4CD5-A8EE-8FFECC570516}"
EndProject
Global
	GlobalSection(SolutionConfigurationPlatforms) = preSolution
		Debug|Any CPU = Debug|Any CPU
		Release|Any CPU = Release|Any CPU
	EndGlobalSection
	GlobalSection(ProjectConfigurationPlatforms) = postSolution
		{4AB0E3D2-3939-4CD5-A8EE-8FFECC570516}.Debug|Any CPU.ActiveCfg = Debug|Any CPU
		{4AB0E3D2-3939-4CD5-A8EE-8FFECC570516}.Debug|Any CPU.Build.0 = Debug|Any CPU
		{4AB0E3D2-3939-4CD5-A8EE-8FFECC570516}.Release|Any CPU.ActiveCfg = Release|Any CPU
		{4AB0E3D2-3939-4CD5-A8EE-8FFECC570516}.Release|Any CPU.Build.0 = Release|Any CPU
	EndGlobalSection
	GlobalSection(SolutionProperties) = preSolution
		HideSolutionNode = FALSE
	EndGlobalSection
	GlobalSection(ExtensibilityGlobals) = postSolution
		SolutionGuid = {3DEB4B64-581D-44A3-AF22-1A0CE7C0BBF5}
	EndGlobalSection
EndGlobal
